
Microsoft Visual Studio Solution File, Format Version 12.00
# Visual Studio 15
VisualStudioVersion = 15.0.28307.852
MinimumVisualStudioVersion = 10.0.40219.1
Project("{2150E333-8FDC-42A3-9474-1A3956D46DE8}") = "Solution Items", "Solution Items", "{81DFF9FC-AAA1-48D9-828F-6D376BF7EF15}"
	ProjectSection(SolutionItems) = preProject
		css.css = css.css
		index.html = index.html
	EndProjectSection
EndProject
Global
	GlobalSection(SolutionProperties) = preSolution
		HideSolutionNode = FALSE
	EndGlobalSection
	GlobalSection(ExtensibilityGlobals) = postSolution
		SolutionGuid = {B99D3A07-6DDA-4790-ACD4-BC9CA91D9DD6}
	EndGlobalSection
EndGlobal
